
Microsoft Visual Studio Solution File, Format Version 12.00
# Visual Studio Version 16
VisualStudioVersion = 16.0.29613.14
MinimumVisualStudioVersion = 10.0.40219.1
Project("{FAE04EC0-301F-11D3-BF4B-00C04F79EFBC}") = "ArcDSB", "ArcDSB.csproj", "{2EDBD309-43EA-4DA5-B6D2-753687581988}"
EndProject
Global
	GlobalSection(SolutionConfigurationPlatforms) = preSolution
		Debug|Any CPU = Debug|Any CPU
		Release|Any CPU = Release|Any CPU
	EndGlobalSection
	GlobalSection(ProjectConfigurationPlatforms) = postSolution
		{2EDBD309-43EA-4DA5-B6D2-753687581988}.Debug|Any CPU.ActiveCfg = Debug|Any CPU
		{2EDBD309-43EA-4DA5-B6D2-753687581988}.Debug|Any CPU.Build.0 = Debug|Any CPU
		{2EDBD309-43EA-4DA5-B6D2-753687581988}.Release|Any CPU.ActiveCfg = Release|Any CPU
		{2EDBD309-43EA-4DA5-B6D2-753687581988}.Release|Any CPU.Build.0 = Release|Any CPU
	EndGlobalSection
	GlobalSection(SolutionProperties) = preSolution
		HideSolutionNode = FALSE
	EndGlobalSection
	GlobalSection(ExtensibilityGlobals) = postSolution
		SolutionGuid = {F378A6FA-74D0-4602-97CB-205AABD32E33}
	EndGlobalSection
EndGlobal
